
Microsoft Visual Studio Solution File, Format Version 12.00
# Visual Studio 2013
VisualStudioVersion = 12.0.31101.0
MinimumVisualStudioVersion = 10.0.40219.1
Project("{FAE04EC0-301F-11D3-BF4B-00C04F79EFBC}") = "Codility_1_2", "Codility_1_2\Codility_1_2.csproj", "{3D7DE616-2E2D-405A-96B9-C89F4CA482E2}"
EndProject
Project("{FAE04EC0-301F-11D3-BF4B-00C04F79EFBC}") = "Test", "Test\Test.csproj", "{0BEEC1E1-A338-4141-98A8-362489C8E4D7}"
EndProject
Global
	GlobalSection(SolutionConfigurationPlatforms) = preSolution
		Debug|Any CPU = Debug|Any CPU
		Release|Any CPU = Release|Any CPU
	EndGlobalSection
	GlobalSection(ProjectConfigurationPlatforms) = postSolution
		{3D7DE616-2E2D-405A-96B9-C89F4CA482E2}.Debug|Any CPU.ActiveCfg = Debug|Any CPU
		{3D7DE616-2E2D-405A-96B9-C89F4CA482E2}.Debug|Any CPU.Build.0 = Debug|Any CPU
		{3D7DE616-2E2D-405A-96B9-C89F4CA482E2}.Release|Any CPU.ActiveCfg = Release|Any CPU
		{3D7DE616-2E2D-405A-96B9-C89F4CA482E2}.Release|Any CPU.Build.0 = Release|Any CPU
		{0BEEC1E1-A338-4141-98A8-362489C8E4D7}.Debug|Any CPU.ActiveCfg = Debug|Any CPU
		{0BEEC1E1-A338-4141-98A8-362489C8E4D7}.Debug|Any CPU.Build.0 = Debug|Any CPU
		{0BEEC1E1-A338-4141-98A8-362489C8E4D7}.Release|Any CPU.ActiveCfg = Release|Any CPU
		{0BEEC1E1-A338-4141-98A8-362489C8E4D7}.Release|Any CPU.Build.0 = Release|Any CPU
	EndGlobalSection
	GlobalSection(SolutionProperties) = preSolution
		HideSolutionNode = FALSE
	EndGlobalSection
EndGlobal
