
Microsoft Visual Studio Solution File, Format Version 12.00
# Visual Studio 2013
VisualStudioVersion = 12.0.31101.0
MinimumVisualStudioVersion = 10.0.40219.1
Project("{FAE04EC0-301F-11D3-BF4B-00C04F79EFBC}") = "Books.Web", "Books.Web\Books.Web.csproj", "{8EF94D2F-F2EB-4871-A524-B6A79C3745C9}"
EndProject
Project("{FAE04EC0-301F-11D3-BF4B-00C04F79EFBC}") = "Books.Entities", "Books.Entities\Books.Entities.csproj", "{ECB58D2B-1728-49B3-BA9D-C6FE1F0D78CE}"
EndProject
Global
	GlobalSection(SolutionConfigurationPlatforms) = preSolution
		Debug|Any CPU = Debug|Any CPU
		Release|Any CPU = Release|Any CPU
	EndGlobalSection
	GlobalSection(ProjectConfigurationPlatforms) = postSolution
		{8EF94D2F-F2EB-4871-A524-B6A79C3745C9}.Debug|Any CPU.ActiveCfg = Debug|Any CPU
		{8EF94D2F-F2EB-4871-A524-B6A79C3745C9}.Debug|Any CPU.Build.0 = Debug|Any CPU
		{8EF94D2F-F2EB-4871-A524-B6A79C3745C9}.Release|Any CPU.ActiveCfg = Release|Any CPU
		{8EF94D2F-F2EB-4871-A524-B6A79C3745C9}.Release|Any CPU.Build.0 = Release|Any CPU
		{ECB58D2B-1728-49B3-BA9D-C6FE1F0D78CE}.Debug|Any CPU.ActiveCfg = Debug|Any CPU
		{ECB58D2B-1728-49B3-BA9D-C6FE1F0D78CE}.Debug|Any CPU.Build.0 = Debug|Any CPU
		{ECB58D2B-1728-49B3-BA9D-C6FE1F0D78CE}.Release|Any CPU.ActiveCfg = Release|Any CPU
		{ECB58D2B-1728-49B3-BA9D-C6FE1F0D78CE}.Release|Any CPU.Build.0 = Release|Any CPU
	EndGlobalSection
	GlobalSection(SolutionProperties) = preSolution
		HideSolutionNode = FALSE
	EndGlobalSection
EndGlobal
