
Microsoft Visual Studio Solution File, Format Version 12.00
# Visual Studio 2013
VisualStudioVersion = 12.0.31101.0
MinimumVisualStudioVersion = 10.0.40219.1
Project("{FAE04EC0-301F-11D3-BF4B-00C04F79EFBC}") = "GPASystem.Web", "CodeTestSchoolGPASystem\GPASystem.Web.csproj", "{FC54AC19-5662-426C-A710-0E3240FC2EBB}"
EndProject
Project("{FAE04EC0-301F-11D3-BF4B-00C04F79EFBC}") = "GPASystem.Tests", "CodeTestSchoolGPASystem.Tests\GPASystem.Tests.csproj", "{6375C565-1A08-474F-AD86-B28713735520}"
EndProject
Project("{FAE04EC0-301F-11D3-BF4B-00C04F79EFBC}") = "GPA.Domain", "GPA.Domain\GPA.Domain.csproj", "{8F908110-C8A7-4FF8-A783-D76D75986BA6}"
EndProject
Global
	GlobalSection(SolutionConfigurationPlatforms) = preSolution
		Debug|Any CPU = Debug|Any CPU
		Release|Any CPU = Release|Any CPU
	EndGlobalSection
	GlobalSection(ProjectConfigurationPlatforms) = postSolution
		{FC54AC19-5662-426C-A710-0E3240FC2EBB}.Debug|Any CPU.ActiveCfg = Debug|Any CPU
		{FC54AC19-5662-426C-A710-0E3240FC2EBB}.Debug|Any CPU.Build.0 = Debug|Any CPU
		{FC54AC19-5662-426C-A710-0E3240FC2EBB}.Release|Any CPU.ActiveCfg = Release|Any CPU
		{FC54AC19-5662-426C-A710-0E3240FC2EBB}.Release|Any CPU.Build.0 = Release|Any CPU
		{6375C565-1A08-474F-AD86-B28713735520}.Debug|Any CPU.ActiveCfg = Debug|Any CPU
		{6375C565-1A08-474F-AD86-B28713735520}.Debug|Any CPU.Build.0 = Debug|Any CPU
		{6375C565-1A08-474F-AD86-B28713735520}.Release|Any CPU.ActiveCfg = Release|Any CPU
		{6375C565-1A08-474F-AD86-B28713735520}.Release|Any CPU.Build.0 = Release|Any CPU
		{8F908110-C8A7-4FF8-A783-D76D75986BA6}.Debug|Any CPU.ActiveCfg = Debug|Any CPU
		{8F908110-C8A7-4FF8-A783-D76D75986BA6}.Debug|Any CPU.Build.0 = Debug|Any CPU
		{8F908110-C8A7-4FF8-A783-D76D75986BA6}.Release|Any CPU.ActiveCfg = Release|Any CPU
		{8F908110-C8A7-4FF8-A783-D76D75986BA6}.Release|Any CPU.Build.0 = Release|Any CPU
	EndGlobalSection
	GlobalSection(SolutionProperties) = preSolution
		HideSolutionNode = FALSE
	EndGlobalSection
EndGlobal
